Microsoft Visual Studio Solution File, Format Version 11.00
# Visual Studio 2008

Project("{B8F958D5-B3F1-4DB8-AFE7-994678DB7967}") = "Honey makes me Sunny _Backup_19_11_15_working trail", "Assembly-CSharp.csproj", "{CF7F1DF9-F3A4-CABB-ADC8-8B4894493F2B}"
EndProject
Project("{B8F958D5-B3F1-4DB8-AFE7-994678DB7967}") = "Honey makes me Sunny _Backup_19_11_15_working trail", "Assembly-CSharp-Editor.csproj", "{2D21041F-BBAB-FC91-7374-0EDF4F18FE9D}"
EndProject
Global
	GlobalSection(SolutionConfigurationPlatforms) = preSolution
		Debug|Any CPU = Debug|Any CPU
		Release|Any CPU = Release|Any CPU
	EndGlobalSection
	GlobalSection(ProjectConfigurationPlatforms) = postSolution
		{CF7F1DF9-F3A4-CABB-ADC8-8B4894493F2B}.Debug|Any CPU.ActiveCfg = Debug|Any CPU
		{CF7F1DF9-F3A4-CABB-ADC8-8B4894493F2B}.Debug|Any CPU.Build.0 = Debug|Any CPU
		{CF7F1DF9-F3A4-CABB-ADC8-8B4894493F2B}.Release|Any CPU.ActiveCfg = Release|Any CPU
		{CF7F1DF9-F3A4-CABB-ADC8-8B4894493F2B}.Release|Any CPU.Build.0 = Release|Any CPU
		{2D21041F-BBAB-FC91-7374-0EDF4F18FE9D}.Debug|Any CPU.ActiveCfg = Debug|Any CPU
		{2D21041F-BBAB-FC91-7374-0EDF4F18FE9D}.Debug|Any CPU.Build.0 = Debug|Any CPU
		{2D21041F-BBAB-FC91-7374-0EDF4F18FE9D}.Release|Any CPU.ActiveCfg = Release|Any CPU
		{2D21041F-BBAB-FC91-7374-0EDF4F18FE9D}.Release|Any CPU.Build.0 = Release|Any CPU
	EndGlobalSection
	GlobalSection(SolutionProperties) = preSolution
		HideSolutionNode = FALSE
	EndGlobalSection
																																																																				GlobalSection(MonoDevelopProperties) = preSolution
		StartupItem = Assembly-CSharp.csproj
		Policies = $0
		$0.TextStylePolicy = $1
		$1.inheritsSet = null
		$1.scope = text/x-csharp
		$0.CSharpFormattingPolicy = $2
		$2.inheritsSet = Mono
		$2.inheritsScope = text/x-csharp
		$2.scope = text/x-csharp
		$0.TextStylePolicy = $3
		$3.FileWidth = 120
		$3.TabWidth = 4
		$3.IndentWidth = 4
		$3.EolMarker = Unix
		$3.inheritsSet = Mono
		$3.inheritsScope = text/plain
		$3.scope = text/plain
	EndGlobalSection

EndGlobal
