Microsoft Visual Studio Solution File, Format Version 11.00
# Visual Studio 2008

Project("{AC36E408-10EE-F714-DB79-D1EF4ABF51AA}") = "Wordifly Android", "Assembly-CSharp.csproj", "{0EFEE576-9EEA-0A0A-6430-BFB2FC26B717}"
EndProject
Project("{AC36E408-10EE-F714-DB79-D1EF4ABF51AA}") = "Wordifly Android", "Assembly-CSharp-Editor.csproj", "{D188752F-A264-A467-B38A-E831E09E5B54}"
EndProject
Global
	GlobalSection(SolutionConfigurationPlatforms) = preSolution
		Debug|Any CPU = Debug|Any CPU
		Release|Any CPU = Release|Any CPU
	EndGlobalSection
	GlobalSection(ProjectConfigurationPlatforms) = postSolution
		{0EFEE576-9EEA-0A0A-6430-BFB2FC26B717}.Debug|Any CPU.ActiveCfg = Debug|Any CPU
		{0EFEE576-9EEA-0A0A-6430-BFB2FC26B717}.Debug|Any CPU.Build.0 = Debug|Any CPU
		{0EFEE576-9EEA-0A0A-6430-BFB2FC26B717}.Release|Any CPU.ActiveCfg = Release|Any CPU
		{0EFEE576-9EEA-0A0A-6430-BFB2FC26B717}.Release|Any CPU.Build.0 = Release|Any CPU
		{D188752F-A264-A467-B38A-E831E09E5B54}.Debug|Any CPU.ActiveCfg = Debug|Any CPU
		{D188752F-A264-A467-B38A-E831E09E5B54}.Debug|Any CPU.Build.0 = Debug|Any CPU
		{D188752F-A264-A467-B38A-E831E09E5B54}.Release|Any CPU.ActiveCfg = Release|Any CPU
		{D188752F-A264-A467-B38A-E831E09E5B54}.Release|Any CPU.Build.0 = Release|Any CPU
	EndGlobalSection
	GlobalSection(SolutionProperties) = preSolution
		HideSolutionNode = FALSE
	EndGlobalSection
	GlobalSection(MonoDevelopProperties) = preSolution
		StartupItem = Assembly-CSharp.csproj
	EndGlobalSection
EndGlobal
